
Microsoft Visual Studio Solution File, Format Version 12.00
# Visual Studio Version 16
VisualStudioVersion = 16.0.30114.105
MinimumVisualStudioVersion = 10.0.40219.1
Project("{FAE04EC0-301F-11D3-BF4B-00C04F79EFBC}") = "SpaceBattle.Lib", "SpaceBattle.Lib\SpaceBattle.Lib.csproj", "{A100FA04-9E41-4137-8207-1F9A40B96E99}"
EndProject
Project("{FAE04EC0-301F-11D3-BF4B-00C04F79EFBC}") = "SpaceBattle.Lib.Test", "SpaceBattle.Lib.Test\SpaceBattle.Lib.Test.csproj", "{4B578651-64AA-4CDF-9C8A-A95816825F3C}"
EndProject
Global
	GlobalSection(SolutionConfigurationPlatforms) = preSolution
		Debug|Any CPU = Debug|Any CPU
		Release|Any CPU = Release|Any CPU
	EndGlobalSection
	GlobalSection(SolutionProperties) = preSolution
		HideSolutionNode = FALSE
	EndGlobalSection
	GlobalSection(ProjectConfigurationPlatforms) = postSolution
		{A100FA04-9E41-4137-8207-1F9A40B96E99}.Debug|Any CPU.ActiveCfg = Debug|Any CPU
		{A100FA04-9E41-4137-8207-1F9A40B96E99}.Debug|Any CPU.Build.0 = Debug|Any CPU
		{A100FA04-9E41-4137-8207-1F9A40B96E99}.Release|Any CPU.ActiveCfg = Release|Any CPU
		{A100FA04-9E41-4137-8207-1F9A40B96E99}.Release|Any CPU.Build.0 = Release|Any CPU
		{4B578651-64AA-4CDF-9C8A-A95816825F3C}.Debug|Any CPU.ActiveCfg = Debug|Any CPU
		{4B578651-64AA-4CDF-9C8A-A95816825F3C}.Debug|Any CPU.Build.0 = Debug|Any CPU
		{4B578651-64AA-4CDF-9C8A-A95816825F3C}.Release|Any CPU.ActiveCfg = Release|Any CPU
		{4B578651-64AA-4CDF-9C8A-A95816825F3C}.Release|Any CPU.Build.0 = Release|Any CPU
	EndGlobalSection
EndGlobal
